
Microsoft Visual Studio Solution File, Format Version 12.00
# Visual Studio Version 17
VisualStudioVersion = 17.13.35828.75 d17.13
MinimumVisualStudioVersion = 10.0.40219.1
Project("{8BC9CEB8-8B4A-11D0-8D11-00A0C91BC942}") = "46_UnsafeCode_AddDll", "46_UnsafeCode\46_UnsafeCode.vcxproj", "{18116F19-6A1A-43C1-9F4A-F9DDDFEB31B2}"
EndProject
Project("{FAE04EC0-301F-11D3-BF4B-00C04F79EFBC}") = "46_UnsafeCode_CSharpDllWrapper", "46_UnsafeCode_CSharpDllWrapper\46_UnsafeCode_CSharpDllWrapper.csproj", "{56DF1A95-B41D-43A6-AABE-3A489773BF23}"
EndProject
Global
	GlobalSection(SolutionConfigurationPlatforms) = preSolution
		Debug|Any CPU = Debug|Any CPU
		Debug|x64 = Debug|x64
		Debug|x86 = Debug|x86
		Release|Any CPU = Release|Any CPU
		Release|x64 = Release|x64
		Release|x86 = Release|x86
	EndGlobalSection
	GlobalSection(ProjectConfigurationPlatforms) = postSolution
		{18116F19-6A1A-43C1-9F4A-F9DDDFEB31B2}.Debug|Any CPU.ActiveCfg = Debug|x64
		{18116F19-6A1A-43C1-9F4A-F9DDDFEB31B2}.Debug|Any CPU.Build.0 = Debug|x64
		{18116F19-6A1A-43C1-9F4A-F9DDDFEB31B2}.Debug|x64.ActiveCfg = Debug|x64
		{18116F19-6A1A-43C1-9F4A-F9DDDFEB31B2}.Debug|x64.Build.0 = Debug|x64
		{18116F19-6A1A-43C1-9F4A-F9DDDFEB31B2}.Debug|x86.ActiveCfg = Debug|Win32
		{18116F19-6A1A-43C1-9F4A-F9DDDFEB31B2}.Debug|x86.Build.0 = Debug|Win32
		{18116F19-6A1A-43C1-9F4A-F9DDDFEB31B2}.Release|Any CPU.ActiveCfg = Release|x64
		{18116F19-6A1A-43C1-9F4A-F9DDDFEB31B2}.Release|Any CPU.Build.0 = Release|x64
		{18116F19-6A1A-43C1-9F4A-F9DDDFEB31B2}.Release|x64.ActiveCfg = Release|x64
		{18116F19-6A1A-43C1-9F4A-F9DDDFEB31B2}.Release|x64.Build.0 = Release|x64
		{18116F19-6A1A-43C1-9F4A-F9DDDFEB31B2}.Release|x86.ActiveCfg = Release|Win32
		{18116F19-6A1A-43C1-9F4A-F9DDDFEB31B2}.Release|x86.Build.0 = Release|Win32
		{56DF1A95-B41D-43A6-AABE-3A489773BF23}.Debug|Any CPU.ActiveCfg = Debug|Any CPU
		{56DF1A95-B41D-43A6-AABE-3A489773BF23}.Debug|Any CPU.Build.0 = Debug|Any CPU
		{56DF1A95-B41D-43A6-AABE-3A489773BF23}.Debug|x64.ActiveCfg = Debug|Any CPU
		{56DF1A95-B41D-43A6-AABE-3A489773BF23}.Debug|x64.Build.0 = Debug|Any CPU
		{56DF1A95-B41D-43A6-AABE-3A489773BF23}.Debug|x86.ActiveCfg = Debug|Any CPU
		{56DF1A95-B41D-43A6-AABE-3A489773BF23}.Debug|x86.Build.0 = Debug|Any CPU
		{56DF1A95-B41D-43A6-AABE-3A489773BF23}.Release|Any CPU.ActiveCfg = Release|Any CPU
		{56DF1A95-B41D-43A6-AABE-3A489773BF23}.Release|Any CPU.Build.0 = Release|Any CPU
		{56DF1A95-B41D-43A6-AABE-3A489773BF23}.Release|x64.ActiveCfg = Release|Any CPU
		{56DF1A95-B41D-43A6-AABE-3A489773BF23}.Release|x64.Build.0 = Release|Any CPU
		{56DF1A95-B41D-43A6-AABE-3A489773BF23}.Release|x86.ActiveCfg = Release|Any CPU
		{56DF1A95-B41D-43A6-AABE-3A489773BF23}.Release|x86.Build.0 = Release|Any CPU
	EndGlobalSection
	GlobalSection(SolutionProperties) = preSolution
		HideSolutionNode = FALSE
	EndGlobalSection
	GlobalSection(ExtensibilityGlobals) = postSolution
		SolutionGuid = {4831B775-F9E6-4A7F-A25F-9875AAC577AD}
	EndGlobalSection
EndGlobal
