
Microsoft Visual Studio Solution File, Format Version 12.00
# Visual Studio Version 17
VisualStudioVersion = 17.14.36127.28 d17.14
MinimumVisualStudioVersion = 10.0.40219.1
Project("{FAE04EC0-301F-11D3-BF4B-00C04F79EFBC}") = "DataServer", "DataServer\DataServer.csproj", "{19823CD4-8192-4EF2-BDE4-120D518241A3}"
EndProject
Project("{FAE04EC0-301F-11D3-BF4B-00C04F79EFBC}") = "UiApp", "UiApp\UiApp.csproj", "{1E29D43C-D682-428C-8E1A-6037FF964A81}"
EndProject
Global
	GlobalSection(SolutionConfigurationPlatforms) = preSolution
		Debug|Any CPU = Debug|Any CPU
		Release|Any CPU = Release|Any CPU
	EndGlobalSection
	GlobalSection(ProjectConfigurationPlatforms) = postSolution
		{19823CD4-8192-4EF2-BDE4-120D518241A3}.Debug|Any CPU.ActiveCfg = Debug|Any CPU
		{19823CD4-8192-4EF2-BDE4-120D518241A3}.Debug|Any CPU.Build.0 = Debug|Any CPU
		{19823CD4-8192-4EF2-BDE4-120D518241A3}.Release|Any CPU.ActiveCfg = Release|Any CPU
		{19823CD4-8192-4EF2-BDE4-120D518241A3}.Release|Any CPU.Build.0 = Release|Any CPU
		{1E29D43C-D682-428C-8E1A-6037FF964A81}.Debug|Any CPU.ActiveCfg = Debug|Any CPU
		{1E29D43C-D682-428C-8E1A-6037FF964A81}.Debug|Any CPU.Build.0 = Debug|Any CPU
		{1E29D43C-D682-428C-8E1A-6037FF964A81}.Release|Any CPU.ActiveCfg = Release|Any CPU
		{1E29D43C-D682-428C-8E1A-6037FF964A81}.Release|Any CPU.Build.0 = Release|Any CPU
	EndGlobalSection
	GlobalSection(SolutionProperties) = preSolution
		HideSolutionNode = FALSE
	EndGlobalSection
	GlobalSection(ExtensibilityGlobals) = postSolution
		SolutionGuid = {843B29E4-4E8B-4780-9FC1-ADCE29B7FF2F}
	EndGlobalSection
EndGlobal
